{
  "version": 1,
  "dependencies": {
    "net10.0": {
      "Microsoft.Extensions.FileProviders.Embedded": {
        "type": "Direct",
        "requested": "[10.0.10, )",
        "resolved": "10.0.10",
        "contentHash": "TZQQIZ1wFmQX7WdRAyhaDlv3splUPOYheTP3aZtoLpxMlVnLOFRjiLaDB0PZX/d27N52+FLbiNkwL02x4hZgjg==",
        "dependencies": {
          "Microsoft.Extensions.FileProviders.Abstractions": "10.0.10"
        }
      },
      "NuGet.Versioning": {
        "type": "Direct",
        "requested": "[7.6.0, )",
        "resolved": "7.6.0",
        "contentHash": "TpZxfOoQBQk/0r/2uc1A1qNYIKHkJGgOrWP+ax3nsNAUN/1BOQMDrgmGADogSA4hOXH1ZJiyeYg4Ca+vUW0sEg=="
      },
      "ObsKit.NET": {
        "type": "Direct",
        "requested": "[1.5.1, )",
        "resolved": "1.5.1",
        "contentHash": "HD7n3DSIq2Z9T5BGkTgjKL+pz7PVYngkGm2zZXle79mWGxNM7epQMHMN1SwWshtlK/qadULjFA3U5dW+qtVcJw=="
      },
      "Photino.NET": {
        "type": "Direct",
        "requested": "[4.0.16, )",
        "resolved": "4.0.16",
        "contentHash": "2oTFsxt8XpLlVvtChlBD8HzLw6MgfHF+DQ4aLEDfgc4GbYjumEywB1JMfWDChm2Whfkr4ZF7DV2deRrpitiBcw==",
        "dependencies": {
          "Photino.Native": "4.0.22"
        }
      },
      "Photino.NET.Server": {
        "type": "Direct",
        "requested": "[4.0.12, )",
        "resolved": "4.0.12",
        "contentHash": "m6tUz9CAOkvPWo48xnJj7HZGh8OvEQTpJ1zf96HkT4DB17R1u6xqYRWg55jH5u/HJOgYngHfMYiGcxpTNXwRGQ=="
      },
      "Serilog": {
        "type": "Direct",
        "requested": "[4.4.0, )",
        "resolved": "4.4.0",
        "contentHash": "ZC6Le3rr4TVJJjS4KsQAesxeF1EhW9qcZmmG7eP5Y2G3+gTGkJEUXkq4+tZNPtyp05I0wWOxnIjwtxFweJsObw=="
      },
      "Serilog.Sinks.Debug": {
        "type": "Direct",
        "requested": "[3.0.0, )",
        "resolved": "3.0.0",
        "contentHash": "4BzXcdrgRX7wde9PmHuYd9U6YqycCC28hhpKonK7hx0wb19eiuRj16fPcPSVp0o/Y1ipJuNLYQ00R3q2Zs8FDA==",
        "dependencies": {
          "Serilog": "4.0.0"
        }
      },
      "System.Configuration.ConfigurationManager": {
        "type": "Direct",
        "requested": "[10.0.0, )",
        "resolved": "10.0.0",
        "contentHash": "0B+BzJ6pPMrRzJrVsttKf9MfDj6Syw9xoY+agcS9VssYQali1446+jTf5v1K94AMFUBxLXqDZlaTjO5edaI3jA==",
        "dependencies": {
          "System.Diagnostics.EventLog": "10.0.0",
          "System.Security.Cryptography.ProtectedData": "10.0.0"
        }
      },
      "System.Drawing.Common": {
        "type": "Direct",
        "requested": "[10.0.0, )",
        "resolved": "10.0.0",
        "contentHash": "kohT9ZZlkB5R5ifihCBnPJLdIUQGiTj1ZI6z4LKatr+F4MmIJJu7qQpBkqt9280ivtnSvlTx9qZEY+CpJ0zMkA==",
        "dependencies": {
          "Microsoft.Win32.SystemEvents": "10.0.0"
        }
      },
      "System.Resources.Extensions": {
        "type": "Direct",
        "requested": "[10.0.0, )",
        "resolved": "10.0.0",
        "contentHash": "2jdjQdZUZY7ITExuXecXrV+MQm3Pyk/4RB3zu0jAg8s8fBLN7Fco0VlhXo5LRPmwwvP65zZnD6HUJ0mmif8m0w==",
        "dependencies": {
          "System.Formats.Nrbf": "10.0.0"
        }
      },
      "Velopack": {
        "type": "Direct",
        "requested": "[1.2.0, )",
        "resolved": "1.2.0",
        "contentHash": "Rz67gJL619fSBS6omaSINUxyDuwhIxkm5mmubf7uLd5Qgi6LLKaKCha+QFP6n+Bw/UjA0vutnH4JQfYzn6ANtw=="
      },
      "Microsoft.Extensions.FileProviders.Abstractions": {
        "type": "Transitive",
        "resolved": "10.0.10",
        "contentHash": "c5zqFCY9DiIpMovLd7/d/CTiEtrMOuQ639dhv3PABtKQIKNQikSHwQt8+N679uii9q+B55lgK28Uv64FOwEu8w==",
        "dependencies": {
          "Microsoft.Extensions.Primitives": "10.0.10"
        }
      },
      "Microsoft.Extensions.Primitives": {
        "type": "Transitive",
        "resolved": "10.0.10",
        "contentHash": "5wu/GrYVd8mG2DVUw3vFJzF+O336TyTGg/Kmcgw9bfwYhCoFiV5lR5QeEmKecJyrW4W54nMfD3p3589E8a7czQ=="
      },
      "Microsoft.Win32.SystemEvents": {
        "type": "Transitive",
        "resolved": "10.0.0",
        "contentHash": "bYdnhuD0XxcVTrxc8RyBjXo+AXYWJPnda3clhGz2Kakleyun1PyrzYV8RezT7ZYmR9OBSOgvpFQcvHo/K8Y90w=="
      },
      "Photino.Native": {
        "type": "Transitive",
        "resolved": "4.0.22",
        "contentHash": "VIHipEOe4CZ7HElZE8zTwcvANOsCZ2yak/4nQ4LXzjdlwIjdbY8htmHfNR6rRPgWlCfTfT349GCa6V6Id2/Xyg=="
      },
      "System.Diagnostics.EventLog": {
        "type": "Transitive",
        "resolved": "10.0.0",
        "contentHash": "uaFRda9NjtbJRkdx311eXlAA3n2em7223c1A8d1VWyl+4FL9vkG7y2lpPfBU9HYdj/9KgdRNdn1vFK8ZYCYT/A=="
      },
      "System.Formats.Nrbf": {
        "type": "Transitive",
        "resolved": "10.0.0",
        "contentHash": "WdNPqwn+uhmjZQUpFzfM89yJ43uknaVnAO31xUcKPVGYViXt+/PST2gnebbX/csnjp/d/JWPvUwCRKNO75tjoQ=="
      },
      "System.Security.Cryptography.ProtectedData": {
        "type": "Transitive",
        "resolved": "10.0.0",
        "contentHash": "qy6C3gQRTrfhFfuiIYU1jNwWfFdJpBVo1BARW7jgMm1zTEm3LRzLLyOLJGaAuKE+nZCGkEP71y4rj9NWjqLGdQ=="
      }
    },
    "net10.0/linux-x64": {
      "Microsoft.Win32.SystemEvents": {
        "type": "Transitive",
        "resolved": "10.0.0",
        "contentHash": "bYdnhuD0XxcVTrxc8RyBjXo+AXYWJPnda3clhGz2Kakleyun1PyrzYV8RezT7ZYmR9OBSOgvpFQcvHo/K8Y90w=="
      },
      "Photino.Native": {
        "type": "Transitive",
        "resolved": "4.0.22",
        "contentHash": "VIHipEOe4CZ7HElZE8zTwcvANOsCZ2yak/4nQ4LXzjdlwIjdbY8htmHfNR6rRPgWlCfTfT349GCa6V6Id2/Xyg=="
      },
      "System.Diagnostics.EventLog": {
        "type": "Transitive",
        "resolved": "10.0.0",
        "contentHash": "uaFRda9NjtbJRkdx311eXlAA3n2em7223c1A8d1VWyl+4FL9vkG7y2lpPfBU9HYdj/9KgdRNdn1vFK8ZYCYT/A=="
      }
    }
  }
}